
Microsoft Visual Studio Solution File, Format Version 12.00
# Visual Studio Version 16
VisualStudioVersion = 16.0.29926.136
MinimumVisualStudioVersion = 10.0.40219.1
Project("{FAE04EC0-301F-11D3-BF4B-00C04F79EFBC}") = "HelloMVVM", "HelloMVVM\HelloMVVM.csproj", "{ED761D41-B1EC-451B-A74A-CB9121E3E43E}"
EndProject
Global
	GlobalSection(SolutionConfigurationPlatforms) = preSolution
		Debug|Any CPU = Debug|Any CPU
		Release|Any CPU = Release|Any CPU
	EndGlobalSection
	GlobalSection(ProjectConfigurationPlatforms) = postSolution
		{ED761D41-B1EC-451B-A74A-CB9121E3E43E}.Debug|Any CPU.ActiveCfg = Debug|Any CPU
		{ED761D41-B1EC-451B-A74A-CB9121E3E43E}.Debug|Any CPU.Build.0 = Debug|Any CPU
		{ED761D41-B1EC-451B-A74A-CB9121E3E43E}.Release|Any CPU.ActiveCfg = Release|Any CPU
		{ED761D41-B1EC-451B-A74A-CB9121E3E43E}.Release|Any CPU.Build.0 = Release|Any CPU
	EndGlobalSection
	GlobalSection(SolutionProperties) = preSolution
		HideSolutionNode = FALSE
	EndGlobalSection
	GlobalSection(ExtensibilityGlobals) = postSolution
		SolutionGuid = {F498A019-E007-459B-AFC6-3ADC97D7ADDD}
	EndGlobalSection
EndGlobal
